
Microsoft Visual Studio Solution File, Format Version 12.00
# Visual Studio 15
VisualStudioVersion = 15.0.27004.2002
MinimumVisualStudioVersion = 10.0.40219.1
Project("{9A19103F-16F7-4668-BE54-9A1E7A4F7556}") = "Knyaz.Optimus", "Knyaz.Optimus\Knyaz.Optimus.csproj", "{59E4C9B2-C70E-4084-9AA4-BEDADB28578E}"
EndProject
Project("{9A19103F-16F7-4668-BE54-9A1E7A4F7556}") = "Knyaz.Optimus.Tests", "Knyaz.Optimus.Tests\Knyaz.Optimus.Tests.csproj", "{9D941618-B17B-4E11-AF41-3E7A673490AB}"
EndProject
Project("{FAE04EC0-301F-11D3-BF4B-00C04F79EFBC}") = "Knyaz.Optimus.WfApp", "Knyaz.Optimus.WfApp\Knyaz.Optimus.WfApp.csproj", "{FB379CCC-5348-46D6-8BFD-D4E357C82C19}"
EndProject
Project("{2150E333-8FDC-42A3-9474-1A3956D46DE8}") = "docs", "docs", "{D8C1A778-4D4E-4EB9-B9E8-016C37580B91}"
ProjectSection(SolutionItems) = preProject
	..\docs\snippets.md = ..\docs\snippets.md
	..\CHANGELOG.md = ..\CHANGELOG.md
	..\README.md = ..\README.md
EndProjectSection
EndProject
Project("{2150E333-8FDC-42A3-9474-1A3956D46DE8}") = "solution files ", "solution files ", "{F661EEF9-540E-4408-907C-CEBB7B868DD6}"
ProjectSection(SolutionItems) = preProject
	Directory.Build.props = Directory.Build.props
	Directory.Build.targets = Directory.Build.targets
EndProjectSection
EndProject
Project("{FAE04EC0-301F-11D3-BF4B-00C04F79EFBC}") = "Knyaz.Optimus.JsTests", "Knyaz.Optimus.JsTests\Knyaz.Optimus.JsTests.csproj", "{EE326712-E374-42C2-A55F-ACE78F75AFB2}"
EndProject
Project("{FAE04EC0-301F-11D3-BF4B-00C04F79EFBC}") = "Knyaz.Optimus.UnitTests", "Knyaz.Optimus.UnitTests\Knyaz.Optimus.UnitTests.csproj", "{4641C7E9-B3F7-47E4-B055-A6EC6816CD90}"
EndProject
Global
	GlobalSection(SolutionConfigurationPlatforms) = preSolution
		Debug|Any CPU = Debug|Any CPU
		Release|Any CPU = Release|Any CPU
	EndGlobalSection
	GlobalSection(ProjectConfigurationPlatforms) = postSolution
		{59E4C9B2-C70E-4084-9AA4-BEDADB28578E}.Debug|Any CPU.ActiveCfg = Debug|Any CPU
		{59E4C9B2-C70E-4084-9AA4-BEDADB28578E}.Debug|Any CPU.Build.0 = Debug|Any CPU
		{59E4C9B2-C70E-4084-9AA4-BEDADB28578E}.Release|Any CPU.ActiveCfg = Release|Any CPU
		{59E4C9B2-C70E-4084-9AA4-BEDADB28578E}.Release|Any CPU.Build.0 = Release|Any CPU
		{9D941618-B17B-4E11-AF41-3E7A673490AB}.Debug|Any CPU.ActiveCfg = Debug|Any CPU
		{9D941618-B17B-4E11-AF41-3E7A673490AB}.Debug|Any CPU.Build.0 = Debug|Any CPU
		{9D941618-B17B-4E11-AF41-3E7A673490AB}.Release|Any CPU.ActiveCfg = Release|Any CPU
		{9D941618-B17B-4E11-AF41-3E7A673490AB}.Release|Any CPU.Build.0 = Release|Any CPU
		{FB379CCC-5348-46D6-8BFD-D4E357C82C19}.Debug|Any CPU.ActiveCfg = Debug|Any CPU
		{FB379CCC-5348-46D6-8BFD-D4E357C82C19}.Debug|Any CPU.Build.0 = Debug|Any CPU
		{FB379CCC-5348-46D6-8BFD-D4E357C82C19}.Release|Any CPU.ActiveCfg = Release|Any CPU
		{FB379CCC-5348-46D6-8BFD-D4E357C82C19}.Release|Any CPU.Build.0 = Release|Any CPU
		{6D4BC99A-BB0E-415A-BD2E-92960AEC28BF}.Debug|Any CPU.ActiveCfg = Debug|Any CPU
		{6D4BC99A-BB0E-415A-BD2E-92960AEC28BF}.Debug|Any CPU.Build.0 = Debug|Any CPU
		{6D4BC99A-BB0E-415A-BD2E-92960AEC28BF}.Release|Any CPU.ActiveCfg = Release|Any CPU
		{6D4BC99A-BB0E-415A-BD2E-92960AEC28BF}.Release|Any CPU.Build.0 = Release|Any CPU
		{7A0B4AFF-55C4-4FA0-8883-CADD6DF1338E}.Debug|Any CPU.ActiveCfg = Debug|Any CPU
		{7A0B4AFF-55C4-4FA0-8883-CADD6DF1338E}.Debug|Any CPU.Build.0 = Debug|Any CPU
		{7A0B4AFF-55C4-4FA0-8883-CADD6DF1338E}.Release|Any CPU.ActiveCfg = Release|Any CPU
		{7A0B4AFF-55C4-4FA0-8883-CADD6DF1338E}.Release|Any CPU.Build.0 = Release|Any CPU
		{EE326712-E374-42C2-A55F-ACE78F75AFB2}.Debug|Any CPU.ActiveCfg = Debug|Any CPU
		{EE326712-E374-42C2-A55F-ACE78F75AFB2}.Debug|Any CPU.Build.0 = Debug|Any CPU
		{EE326712-E374-42C2-A55F-ACE78F75AFB2}.Release|Any CPU.ActiveCfg = Release|Any CPU
		{EE326712-E374-42C2-A55F-ACE78F75AFB2}.Release|Any CPU.Build.0 = Release|Any CPU
		{4641C7E9-B3F7-47E4-B055-A6EC6816CD90}.Debug|Any CPU.ActiveCfg = Debug|Any CPU
		{4641C7E9-B3F7-47E4-B055-A6EC6816CD90}.Debug|Any CPU.Build.0 = Debug|Any CPU
		{4641C7E9-B3F7-47E4-B055-A6EC6816CD90}.Release|Any CPU.ActiveCfg = Release|Any CPU
		{4641C7E9-B3F7-47E4-B055-A6EC6816CD90}.Release|Any CPU.Build.0 = Release|Any CPU
	EndGlobalSection
	GlobalSection(SolutionProperties) = preSolution
		HideSolutionNode = FALSE
	EndGlobalSection
	GlobalSection(ExtensibilityGlobals) = postSolution
		SolutionGuid = {4940F42A-DC71-412B-AA68-AC1CD6C79CAD}
	EndGlobalSection
	GlobalSection(MercurialSourceControlSolutionProperties) = preSolution
		SolutionIsControlled = True
		SolutionBindings = <Solution Location In Database>
	EndGlobalSection
EndGlobal
